PODS:
  - Alamofire (4.0.0)
  - AlamofireImage (3.0.0):
    - Alamofire (~> 4.0)
  - Optik (0.1.1)

DEPENDENCIES:
  - AlamofireImage (= 3.0.0)
  - Optik (from `../`)

EXTERNAL SOURCES:
  Optik:
    :path: ../

SPEC CHECKSUMS:
  Alamofire: fef59f00388f267e52d9b432aa5d93dc97190f14
  AlamofireImage: 6594aa1139a67dcd36cde6da79ea4e5b318e60fb
  Optik: 8d3d810572388ef52b7b7ca777a3fc1e52a452ae

PODFILE CHECKSUM: 327fbf2bc1c8d8e70f0b85089367cbf175f15ac0

COCOAPODS: 1.0.1
