PODS:
  - Alamofire (4.1.0)
  - AlamofireImage (3.1.0):
    - Alamofire (~> 4.0)
  - Optik (0.2.0)

DEPENDENCIES:
  - AlamofireImage (= 3.1.0)
  - Optik (from `../`)

EXTERNAL SOURCES:
  Optik:
    :path: "../"

SPEC CHECKSUMS:
  Alamofire: e266cf991b933498df791e645e0d8ac294492153
  AlamofireImage: bb8c8351c51cb1633bb6be69b6dbbaff37ce65b7
  Optik: 1601123d313b0ef1925912bcb97c1d18fedf5a4b

PODFILE CHECKSUM: c4cc51091b7726b48b7d19365a55eb8f1cc861f2

COCOAPODS: 1.2.0
